
Microsoft Visual Studio Solution File, Format Version 12.00
# Visual Studio Version 17
VisualStudioVersion = 17.5.33502.453
MinimumVisualStudioVersion = 10.0.40219.1
Project("{FAE04EC0-301F-11D3-BF4B-00C04F79EFBC}") = "Lesson7", "Lesson7\Lesson7.csproj", "{05547255-AB19-444F-8E0C-1A64975597BC}"
EndProject
Global
	GlobalSection(SolutionConfigurationPlatforms) = preSolution
		Debug|Any CPU = Debug|Any CPU
		Release|Any CPU = Release|Any CPU
	EndGlobalSection
	GlobalSection(ProjectConfigurationPlatforms) = postSolution
		{05547255-AB19-444F-8E0C-1A64975597BC}.Debug|Any CPU.ActiveCfg = Debug|Any CPU
		{05547255-AB19-444F-8E0C-1A64975597BC}.Debug|Any CPU.Build.0 = Debug|Any CPU
		{05547255-AB19-444F-8E0C-1A64975597BC}.Release|Any CPU.ActiveCfg = Release|Any CPU
		{05547255-AB19-444F-8E0C-1A64975597BC}.Release|Any CPU.Build.0 = Release|Any CPU
	EndGlobalSection
	GlobalSection(SolutionProperties) = preSolution
		HideSolutionNode = FALSE
	EndGlobalSection
	GlobalSection(ExtensibilityGlobals) = postSolution
		SolutionGuid = {BCBB1B1E-C587-4D12-BDB8-37E2534BF9B4}
	EndGlobalSection
EndGlobal
